// !$*UTF8*$!
{
	archiveVersion = 1;
	classes = {
	};
	objectVersion = 56;
	objects = {

/* Begin PBXBuildFile section */
		3937282A2D1EFF1A003CB76E /* AppDelegate.swift in Sources */ = {isa = PBXBuildFile; fileRef = 393728292D1EFF1A003CB76E /* AppDelegate.swift */; };
		3937282C2D1EFF1A003CB76E /* SceneDelegate.swift in Sources */ = {isa = PBXBuildFile; fileRef = 3937282B2D1EFF1A003CB76E /* SceneDelegate.swift */; };
		3937282E2D1EFF1A003CB76E /* NameListTableView.swift in Sources */ = {isa = PBXBuildFile; fileRef = 3937282D2D1EFF1A003CB76E /* NameListTableView.swift */; };
		393728342D1EFF1A003CB76E /* Practice2.xcdatamodeld in Sources */ = {isa = PBXBuildFile; fileRef = 393728322D1EFF1A003CB76E /* Practice2.xcdatamodeld */; };
		393728362D1EFF1C003CB76E /* Assets.xcassets in Resources */ = {isa = PBXBuildFile; fileRef = 393728352D1EFF1C003CB76E /* Assets.xcassets */; };
		393728392D1EFF1C003CB76E /* Base in Resources */ = {isa = PBXBuildFile; fileRef = 393728382D1EFF1C003CB76E /* Base */; };
		393728412D1F0DD1003CB76E /* NameListTabelViewCell.swift in Sources */ = {isa = PBXBuildFile; fileRef = 393728402D1F0DD1003CB76E /* NameListTabelViewCell.swift */; };
		393728432D1F200E003CB76E /* BaseStruct.swift in Sources */ = {isa = PBXBuildFile; fileRef = 393728422D1F200E003CB76E /* BaseStruct.swift */; };
		393728452D1F3A91003CB76E /* NameListViewModel.swift in Sources */ = {isa = PBXBuildFile; fileRef = 393728442D1F3A91003CB76E /* NameListViewModel.swift */; };
/* End PBXBuildFile section */

/* Begin PBXFileReference section */
		393728262D1EFF1A003CB76E /* Practice2.app */ = {isa = PBXFileReference; explicitFileType = wrapper.application; includeInIndex = 0; path = Practice2.app; sourceTree = BUILT_PRODUCTS_DIR; };
		393728292D1EFF1A003CB76E /* AppDelegate.swift */ = {isa = PBXFileReference; lastKnownFileType = sourcecode.swift; path = AppDelegate.swift; sourceTree = "<group>"; };
		3937282B2D1EFF1A003CB76E /* SceneDelegate.swift */ = {isa = PBXFileReference; lastKnownFileType = sourcecode.swift; path = SceneDelegate.swift; sourceTree = "<group>"; };
		3937282D2D1EFF1A003CB76E /* NameListTableView.swift */ = {isa = PBXFileReference; lastKnownFileType = sourcecode.swift; path = NameListTableView.swift; sourceTree = "<group>"; };
		393728332D1EFF1A003CB76E /* Practice2.xcdatamodel */ = {isa = PBXFileReference; lastKnownFileType = wrapper.xcdatamodel; path = Practice2.xcdatamodel; sourceTree = "<group>"; };
		393728352D1EFF1C003CB76E /* Assets.xcassets */ = {isa = PBXFileReference; lastKnownFileType = folder.assetcatalog; path = Assets.xcassets; sourceTree = "<group>"; };
		393728382D1EFF1C003CB76E /* Base */ = {isa = PBXFileReference; lastKnownFileType = file.storyboard; name = Base; path = Base.lproj/LaunchScreen.storyboard; sourceTree = "<group>"; };
		3937283A2D1EFF1C003CB76E /* Info.plist */ = {isa = PBXFileReference; lastKnownFileType = text.plist.xml; path = Info.plist; sourceTree = "<group>"; };
		393728402D1F0DD1003CB76E /* NameListTabelViewCell.swift */ = {isa = PBXFileReference; lastKnownFileType = sourcecode.swift; path = NameListTabelViewCell.swift; sourceTree = "<group>"; };
		393728422D1F200E003CB76E /* BaseStruct.swift */ = {isa = PBXFileReference; lastKnownFileType = sourcecode.swift; path = BaseStruct.swift; sourceTree = "<group>"; };
		393728442D1F3A91003CB76E /* NameListViewModel.swift */ = {isa = PBXFileReference; lastKnownFileType = sourcecode.swift; path = NameListViewModel.swift; sourceTree = "<group>"; };
/* End PBXFileReference section */

/* Begin PBXFrameworksBuildPhase section */
		393728232D1EFF1A003CB76E /* Frameworks */ = {
			isa = PBXFrameworksBuildPhase;
			buildActionMask = 2147483647;
			files = (
			);
			runOnlyForDeploymentPostprocessing = 0;
		};
/* End PBXFrameworksBuildPhase section */

/* Begin PBXGroup section */
		3937281D2D1EFF1A003CB76E = {
			isa = PBXGroup;
			children = (
				393728282D1EFF1A003CB76E /* Practice2 */,
				393728272D1EFF1A003CB76E /* Products */,
			);
			sourceTree = "<group>";
		};
		393728272D1EFF1A003CB76E /* Products */ = {
			isa = PBXGroup;
			children = (
				393728262D1EFF1A003CB76E /* Practice2.app */,
			);
			name = Products;
			sourceTree = "<group>";
		};
		393728282D1EFF1A003CB76E /* Practice2 */ = {
			isa = PBXGroup;
			children = (
				393728292D1EFF1A003CB76E /* AppDelegate.swift */,
				3937282B2D1EFF1A003CB76E /* SceneDelegate.swift */,
				3937282D2D1EFF1A003CB76E /* NameListTableView.swift */,
				393728442D1F3A91003CB76E /* NameListViewModel.swift */,
				393728402D1F0DD1003CB76E /* NameListTabelViewCell.swift */,
				393728422D1F200E003CB76E /* BaseStruct.swift */,
				393728352D1EFF1C003CB76E /* Assets.xcassets */,
				393728372D1EFF1C003CB76E /* LaunchScreen.storyboard */,
				3937283A2D1EFF1C003CB76E /* Info.plist */,
				393728322D1EFF1A003CB76E /* Practice2.xcdatamodeld */,
			);
			path = Practice2;
			sourceTree = "<group>";
		};
/* End PBXGroup section */

/* Begin PBXNativeTarget section */
		393728252D1EFF1A003CB76E /* Practice2 */ = {
			isa = PBXNativeTarget;
			buildConfigurationList = 3937283D2D1EFF1C003CB76E /* Build configuration list for PBXNativeTarget "Practice2" */;
			buildPhases = (
				393728222D1EFF1A003CB76E /* Sources */,
				393728232D1EFF1A003CB76E /* Frameworks */,
				393728242D1EFF1A003CB76E /* Resources */,
			);
			buildRules = (
			);
			dependencies = (
			);
			name = Practice2;
			productName = Practice2;
			productReference = 393728262D1EFF1A003CB76E /* Practice2.app */;
			productType = "com.apple.product-type.application";
		};
/* End PBXNativeTarget section */

/* Begin PBXProject section */
		3937281E2D1EFF1A003CB76E /* Project object */ = {
			isa = PBXProject;
			attributes = {
				BuildIndependentTargetsInParallel = 1;
				LastSwiftUpdateCheck = 1540;
				LastUpgradeCheck = 1540;
				TargetAttributes = {
					393728252D1EFF1A003CB76E = {
						CreatedOnToolsVersion = 15.4;
					};
				};
			};
			buildConfigurationList = 393728212D1EFF1A003CB76E /* Build configuration list for PBXProject "Practice2" */;
			compatibilityVersion = "Xcode 14.0";
			developmentRegion = en;
			hasScannedForEncodings = 0;
			knownRegions = (
				en,
				Base,
			);
			mainGroup = 3937281D2D1EFF1A003CB76E;
			productRefGroup = 393728272D1EFF1A003CB76E /* Products */;
			projectDirPath = "";
			projectRoot = "";
			targets = (
				393728252D1EFF1A003CB76E /* Practice2 */,
			);
		};
/* End PBXProject section */

/* Begin PBXResourcesBuildPhase section */
		393728242D1EFF1A003CB76E /* Resources */ = {
			isa = PBXResourcesBuildPhase;
			buildActionMask = 2147483647;
			files = (
				393728362D1EFF1C003CB76E /* Assets.xcassets in Resources */,
				393728392D1EFF1C003CB76E /* Base in Resources */,
			);
			runOnlyForDeploymentPostprocessing = 0;
		};
/* End PBXResourcesBuildPhase section */

/* Begin PBXSourcesBuildPhase section */
		393728222D1EFF1A003CB76E /* Sources */ = {
			isa = PBXSourcesBuildPhase;
			buildActionMask = 2147483647;
			files = (
				3937282E2D1EFF1A003CB76E /* NameListTableView.swift in Sources */,
				393728432D1F200E003CB76E /* BaseStruct.swift in Sources */,
				393728452D1F3A91003CB76E /* NameListViewModel.swift in Sources */,
				3937282A2D1EFF1A003CB76E /* AppDelegate.swift in Sources */,
				3937282C2D1EFF1A003CB76E /* SceneDelegate.swift in Sources */,
				393728342D1EFF1A003CB76E /* Practice2.xcdatamodeld in Sources */,
				393728412D1F0DD1003CB76E /* NameListTabelViewCell.swift in Sources */,
			);
			runOnlyForDeploymentPostprocessing = 0;
		};
/* End PBXSourcesBuildPhase section */

/* Begin PBXVariantGroup section */
		393728372D1EFF1C003CB76E /* LaunchScreen.storyboard */ = {
			isa = PBXVariantGroup;
			children = (
				393728382D1EFF1C003CB76E /* Base */,
			);
			name = LaunchScreen.storyboard;
			sourceTree = "<group>";
		};
/* End PBXVariantGroup section */

/* Begin XCBuildConfiguration section */
		3937283B2D1EFF1C003CB76E /* Debug */ = {
			isa = XCBuildConfiguration;
			buildSettings = {
				ALWAYS_SEARCH_USER_PATHS = NO;
				ASSETCATALOG_COMPILER_GENERATE_SWIFT_ASSET_SYMBOL_EXTENSIONS = YES;
				CLANG_ANALYZER_NONNULL = YES;
				CLANG_ANALYZER_NUMBER_OBJECT_CONVERSION = YES_AGGRESSIVE;
				CLANG_CXX_LANGUAGE_STANDARD = "gnu++20";
				CLANG_ENABLE_MODULES = YES;
				CLANG_ENABLE_OBJC_ARC = YES;
				CLANG_ENABLE_OBJC_WEAK = YES;
				CLANG_WARN_BLOCK_CAPTURE_AUTORELEASING = YES;
				CLANG_WARN_BOOL_CONVERSION = YES;
				CLANG_WARN_COMMA = YES;
				CLANG_WARN_CONSTANT_CONVERSION = YES;
				CLANG_WARN_DEPRECATED_OBJC_IMPLEMENTATIONS = YES;
				CLANG_WARN_DIRECT_OBJC_ISA_USAGE = YES_ERROR;
				CLANG_WARN_DOCUMENTATION_COMMENTS = YES;
				CLANG_WARN_EMPTY_BODY = YES;
				CLANG_WARN_ENUM_CONVERSION = YES;
				CLANG_WARN_INFINITE_RECURSION = YES;
				CLANG_WARN_INT_CONVERSION = YES;
				CLANG_WARN_NON_LITERAL_NULL_CONVERSION = YES;
				CLANG_WARN_OBJC_IMPLICIT_RETAIN_SELF = YES;
				CLANG_WARN_OBJC_LITERAL_CONVERSION = YES;
				CLANG_WARN_OBJC_ROOT_CLASS = YES_ERROR;
				CLANG_WARN_QUOTED_INCLUDE_IN_FRAMEWORK_HEADER = YES;
				CLANG_WARN_RANGE_LOOP_ANALYSIS = YES;
				CLANG_WARN_STRICT_PROTOTYPES = YES;
				CLANG_WARN_SUSPICIOUS_MOVE = YES;
				CLANG_WARN_UNGUARDED_AVAILABILITY = YES_AGGRESSIVE;
				CLANG_WARN_UNREACHABLE_CODE = YES;
				CLANG_WARN__DUPLICATE_METHOD_MATCH = YES;
				COPY_PHASE_STRIP = NO;
				DEBUG_INFORMATION_FORMAT = dwarf;
				ENABLE_STRICT_OBJC_MSGSEND = YES;
				ENABLE_TESTABILITY = YES;
				ENABLE_USER_SCRIPT_SANDBOXING = YES;
				GCC_C_LANGUAGE_STANDARD = gnu17;
				GCC_DYNAMIC_NO_PIC = NO;
				GCC_NO_COMMON_BLOCKS = YES;
				GCC_OPTIMIZATION_LEVEL = 0;
				GCC_PREPROCESSOR_DEFINITIONS = (
					"DEBUG=1",
					"$(inherited)",
				);
				GCC_WARN_64_TO_32_BIT_CONVERSION = YES;
				GCC_WARN_ABOUT_RETURN_TYPE = YES_ERROR;
				GCC_WARN_UNDECLARED_SELECTOR = YES;
				GCC_WARN_UNINITIALIZED_AUTOS = YES_AGGRESSIVE;
				GCC_WARN_UNUSED_FUNCTION = YES;
				GCC_WARN_UNUSED_VARIABLE = YES;
				IPHONEOS_DEPLOYMENT_TARGET = 17.5;
				LOCALIZATION_PREFERS_STRING_CATALOGS = YES;
				MTL_ENABLE_DEBUG_INFO = INCLUDE_SOURCE;
				MTL_FAST_MATH = YES;
				ONLY_ACTIVE_ARCH = YES;
				SDKROOT = iphoneos;
				SWIFT_ACTIVE_COMPILATION_CONDITIONS = "DEBUG $(inherited)";
				SWIFT_OPTIMIZATION_LEVEL = "-Onone";
			};
			name = Debug;
		};
		3937283C2D1EFF1C003CB76E /* Release */ = {
			isa = XCBuildConfiguration;
			buildSettings = {
				ALWAYS_SEARCH_USER_PATHS = NO;
				ASSETCATALOG_COMPILER_GENERATE_SWIFT_ASSET_SYMBOL_EXTENSIONS = YES;
				CLANG_ANALYZER_NONNULL = YES;
				CLANG_ANALYZER_NUMBER_OBJECT_CONVERSION = YES_AGGRESSIVE;
				CLANG_CXX_LANGUAGE_STANDARD = "gnu++20";
				CLANG_ENABLE_MODULES = YES;
				CLANG_ENABLE_OBJC_ARC = YES;
				CLANG_ENABLE_OBJC_WEAK = YES;
				CLANG_WARN_BLOCK_CAPTURE_AUTORELEASING = YES;
				CLANG_WARN_BOOL_CONVERSION = YES;
				CLANG_WARN_COMMA = YES;
				CLANG_WARN_CONSTANT_CONVERSION = YES;
				CLANG_WARN_DEPRECATED_OBJC_IMPLEMENTATIONS = YES;
				CLANG_WARN_DIRECT_OBJC_ISA_USAGE = YES_ERROR;
				CLANG_WARN_DOCUMENTATION_COMMENTS = YES;
				CLANG_WARN_EMPTY_BODY = YES;
				CLANG_WARN_ENUM_CONVERSION = YES;
				CLANG_WARN_INFINITE_RECURSION = YES;
				CLANG_WARN_INT_CONVERSION = YES;
				CLANG_WARN_NON_LITERAL_NULL_CONVERSION = YES;
				CLANG_WARN_OBJC_IMPLICIT_RETAIN_SELF = YES;
				CLANG_WARN_OBJC_LITERAL_CONVERSION = YES;
				CLANG_WARN_OBJC_ROOT_CLASS = YES_ERROR;
				CLANG_WARN_QUOTED_INCLUDE_IN_FRAMEWORK_HEADER = YES;
				CLANG_WARN_RANGE_LOOP_ANALYSIS = YES;
				CLANG_WARN_STRICT_PROTOTYPES = YES;
				CLANG_WARN_SUSPICIOUS_MOVE = YES;
				CLANG_WARN_UNGUARDED_AVAILABILITY = YES_AGGRESSIVE;
				CLANG_WARN_UNREACHABLE_CODE = YES;
				CLANG_WARN__DUPLICATE_METHOD_MATCH = YES;
				COPY_PHASE_STRIP = NO;
				DEBUG_INFORMATION_FORMAT = "dwarf-with-dsym";
				ENABLE_NS_ASSERTIONS = NO;
				ENABLE_STRICT_OBJC_MSGSEND = YES;
				ENABLE_USER_SCRIPT_SANDBOXING = YES;
				GCC_C_LANGUAGE_STANDARD = gnu17;
				GCC_NO_COMMON_BLOCKS = YES;
				GCC_WARN_64_TO_32_BIT_CONVERSION = YES;
				GCC_WARN_ABOUT_RETURN_TYPE = YES_ERROR;
				GCC_WARN_UNDECLARED_SELECTOR = YES;
				GCC_WARN_UNINITIALIZED_AUTOS = YES_AGGRESSIVE;
				GCC_WARN_UNUSED_FUNCTION = YES;
				GCC_WARN_UNUSED_VARIABLE = YES;
				IPHONEOS_DEPLOYMENT_TARGET = 17.5;
				LOCALIZATION_PREFERS_STRING_CATALOGS = YES;
				MTL_ENABLE_DEBUG_INFO = NO;
				MTL_FAST_MATH = YES;
				SDKROOT = iphoneos;
				SWIFT_COMPILATION_MODE = wholemodule;
				VALIDATE_PRODUCT = YES;
			};
			name = Release;
		};
		3937283E2D1EFF1C003CB76E /* Debug */ = {
			isa = XCBuildConfiguration;
			buildSettings = {
				ASSETCATALOG_COMPILER_APPICON_NAME = AppIcon;
				ASSETCATALOG_COMPILER_GLOBAL_ACCENT_COLOR_NAME = AccentColor;
				CODE_SIGN_STYLE = Automatic;
				CURRENT_PROJECT_VERSION = 1;
				GENERATE_INFOPLIST_FILE = YES;
				INFOPLIST_FILE = Practice2/Info.plist;
				INFOPLIST_KEY_UIApplicationSupportsIndirectInputEvents = YES;
				INFOPLIST_KEY_UILaunchStoryboardName = LaunchScreen;
				INFOPLIST_KEY_UISupportedInterfaceOrientations_iPad = "UIInterfaceOrientationPortrait UIInterfaceOrientationPortraitUpsideDown UIInterfaceOrientationLandscapeLeft UIInterfaceOrientationLandscapeRight";
				INFOPLIST_KEY_UISupportedInterfaceOrientations_iPhone = "UIInterfaceOrientationPortrait UIInterfaceOrientationLandscapeLeft UIInterfaceOrientationLandscapeRight";
				LD_RUNPATH_SEARCH_PATHS = (
					"$(inherited)",
					"@executable_path/Frameworks",
				);
				MARKETING_VERSION = 1.0;
				PRODUCT_BUNDLE_IDENTIFIER = com.Cicek.Practice2;
				PRODUCT_NAME = "$(TARGET_NAME)";
				SWIFT_EMIT_LOC_STRINGS = YES;
				SWIFT_VERSION = 5.0;
				TARGETED_DEVICE_FAMILY = "1,2";
			};
			name = Debug;
		};
		3937283F2D1EFF1C003CB76E /* Release */ = {
			isa = XCBuildConfiguration;
			buildSettings = {
				ASSETCATALOG_COMPILER_APPICON_NAME = AppIcon;
				ASSETCATALOG_COMPILER_GLOBAL_ACCENT_COLOR_NAME = AccentColor;
				CODE_SIGN_STYLE = Automatic;
				CURRENT_PROJECT_VERSION = 1;
				GENERATE_INFOPLIST_FILE = YES;
				INFOPLIST_FILE = Practice2/Info.plist;
				INFOPLIST_KEY_UIApplicationSupportsIndirectInputEvents = YES;
				INFOPLIST_KEY_UILaunchStoryboardName = LaunchScreen;
				INFOPLIST_KEY_UISupportedInterfaceOrientations_iPad = "UIInterfaceOrientationPortrait UIInterfaceOrientationPortraitUpsideDown UIInterfaceOrientationLandscapeLeft UIInterfaceOrientationLandscapeRight";
				INFOPLIST_KEY_UISupportedInterfaceOrientations_iPhone = "UIInterfaceOrientationPortrait UIInterfaceOrientationLandscapeLeft UIInterfaceOrientationLandscapeRight";
				LD_RUNPATH_SEARCH_PATHS = (
					"$(inherited)",
					"@executable_path/Frameworks",
				);
				MARKETING_VERSION = 1.0;
				PRODUCT_BUNDLE_IDENTIFIER = com.Cicek.Practice2;
				PRODUCT_NAME = "$(TARGET_NAME)";
				SWIFT_EMIT_LOC_STRINGS = YES;
				SWIFT_VERSION = 5.0;
				TARGETED_DEVICE_FAMILY = "1,2";
			};
			name = Release;
		};
/* End XCBuildConfiguration section */

/* Begin XCConfigurationList section */
		393728212D1EFF1A003CB76E /* Build configuration list for PBXProject "Practice2" */ = {
			isa = XCConfigurationList;
			buildConfigurations = (
				3937283B2D1EFF1C003CB76E /* Debug */,
				3937283C2D1EFF1C003CB76E /* Release */,
			);
			defaultConfigurationIsVisible = 0;
			defaultConfigurationName = Release;
		};
		3937283D2D1EFF1C003CB76E /* Build configuration list for PBXNativeTarget "Practice2" */ = {
			isa = XCConfigurationList;
			buildConfigurations = (
				3937283E2D1EFF1C003CB76E /* Debug */,
				3937283F2D1EFF1C003CB76E /* Release */,
			);
			defaultConfigurationIsVisible = 0;
			defaultConfigurationName = Release;
		};
/* End XCConfigurationList section */

/* Begin XCVersionGroup section */
		393728322D1EFF1A003CB76E /* Practice2.xcdatamodeld */ = {
			isa = XCVersionGroup;
			children = (
				393728332D1EFF1A003CB76E /* Practice2.xcdatamodel */,
			);
			currentVersion = 393728332D1EFF1A003CB76E /* Practice2.xcdatamodel */;
			path = Practice2.xcdatamodeld;
			sourceTree = "<group>";
			versionGroupType = wrapper.xcdatamodel;
		};
/* End XCVersionGroup section */
	};
	rootObject = 3937281E2D1EFF1A003CB76E /* Project object */;
}
